
Microsoft Visual Studio Solution File, Format Version 12.00
# Visual Studio Version 17
VisualStudioVersion = 17.12.35527.113
MinimumVisualStudioVersion = 10.0.40219.1
Project("{FAE04EC0-301F-11D3-BF4B-00C04F79EFBC}") = "ImportConsoleApp", "ImportConsoleApp\ImportConsoleApp.csproj", "{93CF6081-865E-4220-BDD9-24CBA6AAD867}"
EndProject
Project("{2150E333-8FDC-42A3-9474-1A3956D46DE8}") = "Solution Items", "Solution Items", "{83387DC2-6049-489E-A9D4-F06F3A5E4F9B}"
	ProjectSection(SolutionItems) = preProject
		docker-compose.yml = docker-compose.yml
		Dockerfile = Dockerfile
	EndProjectSection
EndProject
Project("{FAE04EC0-301F-11D3-BF4B-00C04F79EFBC}") = "API", "API\API.csproj", "{7A3E6273-2D88-43ED-BA27-5D7DCA6BF32E}"
EndProject
Project("{FAE04EC0-301F-11D3-BF4B-00C04F79EFBC}") = "Database", "Database\Database.csproj", "{EBD6DE05-93B7-4C95-9C9C-D8F8C585B63B}"
EndProject
Project("{FAE04EC0-301F-11D3-BF4B-00C04F79EFBC}") = "AppHost", "AppHost\AppHost.csproj", "{47A4E89C-AD35-4BC6-9661-83A4ECC3F2F9}"
EndProject
Project("{FAE04EC0-301F-11D3-BF4B-00C04F79EFBC}") = "TadeoTIntegrationTests", "TadeoTIntegrationTests\TadeoTIntegrationTests.csproj", "{0F43BAA2-2735-46F0-A267-578BB8927652}"
EndProject
Project("{FAE04EC0-301F-11D3-BF4B-00C04F79EFBC}") = "TadeoTUnitTests", "TadeoTUnitTests\TadeoTUnitTests.csproj", "{5EDB6984-62C6-4F6D-97CD-5D8DA37FDA04}"
EndProject
Global
	GlobalSection(SolutionConfigurationPlatforms) = preSolution
		Debug|Any CPU = Debug|Any CPU
		Debug|x64 = Debug|x64
		Debug|x86 = Debug|x86
		Release|Any CPU = Release|Any CPU
		Release|x64 = Release|x64
		Release|x86 = Release|x86
	EndGlobalSection
	GlobalSection(ProjectConfigurationPlatforms) = postSolution
		{93CF6081-865E-4220-BDD9-24CBA6AAD867}.Debug|Any CPU.ActiveCfg = Debug|Any CPU
		{93CF6081-865E-4220-BDD9-24CBA6AAD867}.Debug|Any CPU.Build.0 = Debug|Any CPU
		{93CF6081-865E-4220-BDD9-24CBA6AAD867}.Debug|x64.ActiveCfg = Debug|Any CPU
		{93CF6081-865E-4220-BDD9-24CBA6AAD867}.Debug|x64.Build.0 = Debug|Any CPU
		{93CF6081-865E-4220-BDD9-24CBA6AAD867}.Debug|x86.ActiveCfg = Debug|Any CPU
		{93CF6081-865E-4220-BDD9-24CBA6AAD867}.Debug|x86.Build.0 = Debug|Any CPU
		{93CF6081-865E-4220-BDD9-24CBA6AAD867}.Release|Any CPU.ActiveCfg = Release|Any CPU
		{93CF6081-865E-4220-BDD9-24CBA6AAD867}.Release|Any CPU.Build.0 = Release|Any CPU
		{93CF6081-865E-4220-BDD9-24CBA6AAD867}.Release|x64.ActiveCfg = Release|Any CPU
		{93CF6081-865E-4220-BDD9-24CBA6AAD867}.Release|x64.Build.0 = Release|Any CPU
		{93CF6081-865E-4220-BDD9-24CBA6AAD867}.Release|x86.ActiveCfg = Release|Any CPU
		{93CF6081-865E-4220-BDD9-24CBA6AAD867}.Release|x86.Build.0 = Release|Any CPU
		{7A3E6273-2D88-43ED-BA27-5D7DCA6BF32E}.Debug|Any CPU.ActiveCfg = Debug|Any CPU
		{7A3E6273-2D88-43ED-BA27-5D7DCA6BF32E}.Debug|Any CPU.Build.0 = Debug|Any CPU
		{7A3E6273-2D88-43ED-BA27-5D7DCA6BF32E}.Debug|x64.ActiveCfg = Debug|Any CPU
		{7A3E6273-2D88-43ED-BA27-5D7DCA6BF32E}.Debug|x64.Build.0 = Debug|Any CPU
		{7A3E6273-2D88-43ED-BA27-5D7DCA6BF32E}.Debug|x86.ActiveCfg = Debug|Any CPU
		{7A3E6273-2D88-43ED-BA27-5D7DCA6BF32E}.Debug|x86.Build.0 = Debug|Any CPU
		{7A3E6273-2D88-43ED-BA27-5D7DCA6BF32E}.Release|Any CPU.ActiveCfg = Release|Any CPU
		{7A3E6273-2D88-43ED-BA27-5D7DCA6BF32E}.Release|Any CPU.Build.0 = Release|Any CPU
		{7A3E6273-2D88-43ED-BA27-5D7DCA6BF32E}.Release|x64.ActiveCfg = Release|Any CPU
		{7A3E6273-2D88-43ED-BA27-5D7DCA6BF32E}.Release|x64.Build.0 = Release|Any CPU
		{7A3E6273-2D88-43ED-BA27-5D7DCA6BF32E}.Release|x86.ActiveCfg = Release|Any CPU
		{7A3E6273-2D88-43ED-BA27-5D7DCA6BF32E}.Release|x86.Build.0 = Release|Any CPU
		{EBD6DE05-93B7-4C95-9C9C-D8F8C585B63B}.Debug|Any CPU.ActiveCfg = Debug|Any CPU
		{EBD6DE05-93B7-4C95-9C9C-D8F8C585B63B}.Debug|Any CPU.Build.0 = Debug|Any CPU
		{EBD6DE05-93B7-4C95-9C9C-D8F8C585B63B}.Debug|x64.ActiveCfg = Debug|Any CPU
		{EBD6DE05-93B7-4C95-9C9C-D8F8C585B63B}.Debug|x64.Build.0 = Debug|Any CPU
		{EBD6DE05-93B7-4C95-9C9C-D8F8C585B63B}.Debug|x86.ActiveCfg = Debug|Any CPU
		{EBD6DE05-93B7-4C95-9C9C-D8F8C585B63B}.Debug|x86.Build.0 = Debug|Any CPU
		{EBD6DE05-93B7-4C95-9C9C-D8F8C585B63B}.Release|Any CPU.ActiveCfg = Release|Any CPU
		{EBD6DE05-93B7-4C95-9C9C-D8F8C585B63B}.Release|Any CPU.Build.0 = Release|Any CPU
		{EBD6DE05-93B7-4C95-9C9C-D8F8C585B63B}.Release|x64.ActiveCfg = Release|Any CPU
		{EBD6DE05-93B7-4C95-9C9C-D8F8C585B63B}.Release|x64.Build.0 = Release|Any CPU
		{EBD6DE05-93B7-4C95-9C9C-D8F8C585B63B}.Release|x86.ActiveCfg = Release|Any CPU
		{EBD6DE05-93B7-4C95-9C9C-D8F8C585B63B}.Release|x86.Build.0 = Release|Any CPU
		{47A4E89C-AD35-4BC6-9661-83A4ECC3F2F9}.Debug|Any CPU.ActiveCfg = Debug|Any CPU
		{47A4E89C-AD35-4BC6-9661-83A4ECC3F2F9}.Debug|Any CPU.Build.0 = Debug|Any CPU
		{47A4E89C-AD35-4BC6-9661-83A4ECC3F2F9}.Debug|x64.ActiveCfg = Debug|Any CPU
		{47A4E89C-AD35-4BC6-9661-83A4ECC3F2F9}.Debug|x64.Build.0 = Debug|Any CPU
		{47A4E89C-AD35-4BC6-9661-83A4ECC3F2F9}.Debug|x86.ActiveCfg = Debug|Any CPU
		{47A4E89C-AD35-4BC6-9661-83A4ECC3F2F9}.Debug|x86.Build.0 = Debug|Any CPU
		{47A4E89C-AD35-4BC6-9661-83A4ECC3F2F9}.Release|Any CPU.ActiveCfg = Release|Any CPU
		{47A4E89C-AD35-4BC6-9661-83A4ECC3F2F9}.Release|Any CPU.Build.0 = Release|Any CPU
		{47A4E89C-AD35-4BC6-9661-83A4ECC3F2F9}.Release|x64.ActiveCfg = Release|Any CPU
		{47A4E89C-AD35-4BC6-9661-83A4ECC3F2F9}.Release|x64.Build.0 = Release|Any CPU
		{47A4E89C-AD35-4BC6-9661-83A4ECC3F2F9}.Release|x86.ActiveCfg = Release|Any CPU
		{47A4E89C-AD35-4BC6-9661-83A4ECC3F2F9}.Release|x86.Build.0 = Release|Any CPU
		{0F43BAA2-2735-46F0-A267-578BB8927652}.Debug|Any CPU.ActiveCfg = Debug|Any CPU
		{0F43BAA2-2735-46F0-A267-578BB8927652}.Debug|Any CPU.Build.0 = Debug|Any CPU
		{0F43BAA2-2735-46F0-A267-578BB8927652}.Debug|x64.ActiveCfg = Debug|Any CPU
		{0F43BAA2-2735-46F0-A267-578BB8927652}.Debug|x64.Build.0 = Debug|Any CPU
		{0F43BAA2-2735-46F0-A267-578BB8927652}.Debug|x86.ActiveCfg = Debug|Any CPU
		{0F43BAA2-2735-46F0-A267-578BB8927652}.Debug|x86.Build.0 = Debug|Any CPU
		{0F43BAA2-2735-46F0-A267-578BB8927652}.Release|Any CPU.ActiveCfg = Release|Any CPU
		{0F43BAA2-2735-46F0-A267-578BB8927652}.Release|Any CPU.Build.0 = Release|Any CPU
		{0F43BAA2-2735-46F0-A267-578BB8927652}.Release|x64.ActiveCfg = Release|Any CPU
		{0F43BAA2-2735-46F0-A267-578BB8927652}.Release|x64.Build.0 = Release|Any CPU
		{0F43BAA2-2735-46F0-A267-578BB8927652}.Release|x86.ActiveCfg = Release|Any CPU
		{0F43BAA2-2735-46F0-A267-578BB8927652}.Release|x86.Build.0 = Release|Any CPU
		{5EDB6984-62C6-4F6D-97CD-5D8DA37FDA04}.Debug|Any CPU.ActiveCfg = Debug|Any CPU
		{5EDB6984-62C6-4F6D-97CD-5D8DA37FDA04}.Debug|Any CPU.Build.0 = Debug|Any CPU
		{5EDB6984-62C6-4F6D-97CD-5D8DA37FDA04}.Debug|x64.ActiveCfg = Debug|Any CPU
		{5EDB6984-62C6-4F6D-97CD-5D8DA37FDA04}.Debug|x64.Build.0 = Debug|Any CPU
		{5EDB6984-62C6-4F6D-97CD-5D8DA37FDA04}.Debug|x86.ActiveCfg = Debug|Any CPU
		{5EDB6984-62C6-4F6D-97CD-5D8DA37FDA04}.Debug|x86.Build.0 = Debug|Any CPU
		{5EDB6984-62C6-4F6D-97CD-5D8DA37FDA04}.Release|Any CPU.ActiveCfg = Release|Any CPU
		{5EDB6984-62C6-4F6D-97CD-5D8DA37FDA04}.Release|Any CPU.Build.0 = Release|Any CPU
		{5EDB6984-62C6-4F6D-97CD-5D8DA37FDA04}.Release|x64.ActiveCfg = Release|Any CPU
		{5EDB6984-62C6-4F6D-97CD-5D8DA37FDA04}.Release|x64.Build.0 = Release|Any CPU
		{5EDB6984-62C6-4F6D-97CD-5D8DA37FDA04}.Release|x86.ActiveCfg = Release|Any CPU
		{5EDB6984-62C6-4F6D-97CD-5D8DA37FDA04}.Release|x86.Build.0 = Release|Any CPU
	EndGlobalSection
	GlobalSection(SolutionProperties) = preSolution
		HideSolutionNode = FALSE
	EndGlobalSection
EndGlobal
