
Microsoft Visual Studio Solution File, Format Version 12.00
# Visual Studio Version 17
VisualStudioVersion = 17.12.35527.113
MinimumVisualStudioVersion = 10.0.40219.1
Project("{FAE04EC0-301F-11D3-BF4B-00C04F79EFBC}") = "ImportConsoleApp", "ImportConsoleApp\ImportConsoleApp.csproj", "{93CF6081-865E-4220-BDD9-24CBA6AAD867}"
EndProject
Project("{FAE04EC0-301F-11D3-BF4B-00C04F79EFBC}") = "Database", "database\Database.csproj", "{A5BF1AF1-526E-49D7-B3D7-D9F752128A40}"
EndProject
Project("{FAE04EC0-301F-11D3-BF4B-00C04F79EFBC}") = "API", "API\API.csproj", "{111B9615-42F7-4AD6-9A13-94C4142D4D9C}"
EndProject
Global
	GlobalSection(SolutionConfigurationPlatforms) = preSolution
		Debug|Any CPU = Debug|Any CPU
		Release|Any CPU = Release|Any CPU
	EndGlobalSection
	GlobalSection(ProjectConfigurationPlatforms) = postSolution
		{93CF6081-865E-4220-BDD9-24CBA6AAD867}.Debug|Any CPU.ActiveCfg = Debug|Any CPU
		{93CF6081-865E-4220-BDD9-24CBA6AAD867}.Debug|Any CPU.Build.0 = Debug|Any CPU
		{93CF6081-865E-4220-BDD9-24CBA6AAD867}.Release|Any CPU.ActiveCfg = Release|Any CPU
		{93CF6081-865E-4220-BDD9-24CBA6AAD867}.Release|Any CPU.Build.0 = Release|Any CPU
		{A5BF1AF1-526E-49D7-B3D7-D9F752128A40}.Debug|Any CPU.ActiveCfg = Debug|Any CPU
		{A5BF1AF1-526E-49D7-B3D7-D9F752128A40}.Debug|Any CPU.Build.0 = Debug|Any CPU
		{A5BF1AF1-526E-49D7-B3D7-D9F752128A40}.Release|Any CPU.ActiveCfg = Release|Any CPU
		{A5BF1AF1-526E-49D7-B3D7-D9F752128A40}.Release|Any CPU.Build.0 = Release|Any CPU
		{111B9615-42F7-4AD6-9A13-94C4142D4D9C}.Debug|Any CPU.ActiveCfg = Debug|Any CPU
		{111B9615-42F7-4AD6-9A13-94C4142D4D9C}.Debug|Any CPU.Build.0 = Debug|Any CPU
		{111B9615-42F7-4AD6-9A13-94C4142D4D9C}.Release|Any CPU.ActiveCfg = Release|Any CPU
		{111B9615-42F7-4AD6-9A13-94C4142D4D9C}.Release|Any CPU.Build.0 = Release|Any CPU
	EndGlobalSection
	GlobalSection(SolutionProperties) = preSolution
		HideSolutionNode = FALSE
	EndGlobalSection
EndGlobal
