
Microsoft Visual Studio Solution File, Format Version 12.00
# Visual Studio Version 17
VisualStudioVersion = 17.11.35327.3
MinimumVisualStudioVersion = 10.0.40219.1
Project("{9A19103F-16F7-4668-BE54-9A1E7A4F7556}") = "TadeoT", "TadeoT.csproj", "{56B28BE9-772B-4C37-B459-4B7E2582728C}"
EndProject
Project("{FAE04EC0-301F-11D3-BF4B-00C04F79EFBC}") = "TadeoTUnitTests", "..\TadeoTUnitTests\TadeoTUnitTests.csproj", "{4EAFE278-3C5D-4966-98A2-59268576CFB5}"
EndProject
Project("{FAE04EC0-301F-11D3-BF4B-00C04F79EFBC}") = "API", "..\API\API.csproj", "{D1A76C4D-3F1F-4918-ACE3-88A068FA8731}"
EndProject
Global
	GlobalSection(SolutionConfigurationPlatforms) = preSolution
		Debug|Any CPU = Debug|Any CPU
		Release|Any CPU = Release|Any CPU
	EndGlobalSection
	GlobalSection(ProjectConfigurationPlatforms) = postSolution
		{56B28BE9-772B-4C37-B459-4B7E2582728C}.Debug|Any CPU.ActiveCfg = Debug|Any CPU
		{56B28BE9-772B-4C37-B459-4B7E2582728C}.Debug|Any CPU.Build.0 = Debug|Any CPU
		{56B28BE9-772B-4C37-B459-4B7E2582728C}.Release|Any CPU.ActiveCfg = Release|Any CPU
		{56B28BE9-772B-4C37-B459-4B7E2582728C}.Release|Any CPU.Build.0 = Release|Any CPU
		{4EAFE278-3C5D-4966-98A2-59268576CFB5}.Debug|Any CPU.ActiveCfg = Debug|Any CPU
		{4EAFE278-3C5D-4966-98A2-59268576CFB5}.Debug|Any CPU.Build.0 = Debug|Any CPU
		{4EAFE278-3C5D-4966-98A2-59268576CFB5}.Release|Any CPU.ActiveCfg = Release|Any CPU
		{4EAFE278-3C5D-4966-98A2-59268576CFB5}.Release|Any CPU.Build.0 = Release|Any CPU
		{D1A76C4D-3F1F-4918-ACE3-88A068FA8731}.Debug|Any CPU.ActiveCfg = Debug|Any CPU
		{D1A76C4D-3F1F-4918-ACE3-88A068FA8731}.Debug|Any CPU.Build.0 = Debug|Any CPU
		{D1A76C4D-3F1F-4918-ACE3-88A068FA8731}.Release|Any CPU.ActiveCfg = Release|Any CPU
		{D1A76C4D-3F1F-4918-ACE3-88A068FA8731}.Release|Any CPU.Build.0 = Release|Any CPU
	EndGlobalSection
	GlobalSection(SolutionProperties) = preSolution
		HideSolutionNode = FALSE
	EndGlobalSection
	GlobalSection(ExtensibilityGlobals) = postSolution
		SolutionGuid = {4BC21620-710D-486B-80CA-B7A726036E48}
	EndGlobalSection
EndGlobal
